
Microsoft Visual Studio Solution File, Format Version 12.00
# Visual Studio Version 17
VisualStudioVersion = 17.6.33712.159
MinimumVisualStudioVersion = 10.0.40219.1
Project("{FAE04EC0-301F-11D3-BF4B-00C04F79EFBC}") = "MODEL", "MODEL\MODEL.csproj", "{B23CADAB-7BCD-4E6A-BB9B-9F3C29D1BE23}"
EndProject
Project("{FAE04EC0-301F-11D3-BF4B-00C04F79EFBC}") = "BLL", "BLL\BLL.csproj", "{B30A7099-FE6F-4945-ADE2-8C19625E28A1}"
EndProject
Project("{FAE04EC0-301F-11D3-BF4B-00C04F79EFBC}") = "DAL", "DAL\DAL.csproj", "{0CA1883B-6186-4D0D-91AB-B7DA9B361C0B}"
EndProject
Project("{FAE04EC0-301F-11D3-BF4B-00C04F79EFBC}") = "BLLService", "BLLService\BLLService.csproj", "{CF243CF2-2A60-470B-BE4B-04FA80D9F1F2}"
EndProject
Global
	GlobalSection(SolutionConfigurationPlatforms) = preSolution
		Debug|Any CPU = Debug|Any CPU
		Release|Any CPU = Release|Any CPU
	EndGlobalSection
	GlobalSection(ProjectConfigurationPlatforms) = postSolution
		{B23CADAB-7BCD-4E6A-BB9B-9F3C29D1BE23}.Debug|Any CPU.ActiveCfg = Debug|Any CPU
		{B23CADAB-7BCD-4E6A-BB9B-9F3C29D1BE23}.Debug|Any CPU.Build.0 = Debug|Any CPU
		{B23CADAB-7BCD-4E6A-BB9B-9F3C29D1BE23}.Release|Any CPU.ActiveCfg = Release|Any CPU
		{B23CADAB-7BCD-4E6A-BB9B-9F3C29D1BE23}.Release|Any CPU.Build.0 = Release|Any CPU
		{B30A7099-FE6F-4945-ADE2-8C19625E28A1}.Debug|Any CPU.ActiveCfg = Debug|Any CPU
		{B30A7099-FE6F-4945-ADE2-8C19625E28A1}.Debug|Any CPU.Build.0 = Debug|Any CPU
		{B30A7099-FE6F-4945-ADE2-8C19625E28A1}.Release|Any CPU.ActiveCfg = Release|Any CPU
		{B30A7099-FE6F-4945-ADE2-8C19625E28A1}.Release|Any CPU.Build.0 = Release|Any CPU
		{0CA1883B-6186-4D0D-91AB-B7DA9B361C0B}.Debug|Any CPU.ActiveCfg = Debug|Any CPU
		{0CA1883B-6186-4D0D-91AB-B7DA9B361C0B}.Debug|Any CPU.Build.0 = Debug|Any CPU
		{0CA1883B-6186-4D0D-91AB-B7DA9B361C0B}.Release|Any CPU.ActiveCfg = Release|Any CPU
		{0CA1883B-6186-4D0D-91AB-B7DA9B361C0B}.Release|Any CPU.Build.0 = Release|Any CPU
		{CF243CF2-2A60-470B-BE4B-04FA80D9F1F2}.Debug|Any CPU.ActiveCfg = Debug|Any CPU
		{CF243CF2-2A60-470B-BE4B-04FA80D9F1F2}.Debug|Any CPU.Build.0 = Debug|Any CPU
		{CF243CF2-2A60-470B-BE4B-04FA80D9F1F2}.Release|Any CPU.ActiveCfg = Release|Any CPU
		{CF243CF2-2A60-470B-BE4B-04FA80D9F1F2}.Release|Any CPU.Build.0 = Release|Any CPU
	EndGlobalSection
	GlobalSection(SolutionProperties) = preSolution
		HideSolutionNode = FALSE
	EndGlobalSection
	GlobalSection(ExtensibilityGlobals) = postSolution
		SolutionGuid = {CBC57C79-040D-4522-BB5C-3170D5C627CF}
	EndGlobalSection
EndGlobal
